
Microsoft Visual Studio Solution File, Format Version 12.00
# Visual Studio Version 16
VisualStudioVersion = 16.0.31911.196
MinimumVisualStudioVersion = 10.0.40219.1
Project("{FAE04EC0-301F-11D3-BF4B-00C04F79EFBC}") = "TCKimlikDogrulama", "TCKimlikDogrulama\TCKimlikDogrulama.csproj", "{7A12A71A-3B38-4DBF-ACE3-3E9F6BFF3C90}"
EndProject
Global
	GlobalSection(SolutionConfigurationPlatforms) = preSolution
		Debug|Any CPU = Debug|Any CPU
		Release|Any CPU = Release|Any CPU
	EndGlobalSection
	GlobalSection(ProjectConfigurationPlatforms) = postSolution
		{7A12A71A-3B38-4DBF-ACE3-3E9F6BFF3C90}.Debug|Any CPU.ActiveCfg = Debug|Any CPU
		{7A12A71A-3B38-4DBF-ACE3-3E9F6BFF3C90}.Debug|Any CPU.Build.0 = Debug|Any CPU
		{7A12A71A-3B38-4DBF-ACE3-3E9F6BFF3C90}.Release|Any CPU.ActiveCfg = Release|Any CPU
		{7A12A71A-3B38-4DBF-ACE3-3E9F6BFF3C90}.Release|Any CPU.Build.0 = Release|Any CPU
	EndGlobalSection
	GlobalSection(SolutionProperties) = preSolution
		HideSolutionNode = FALSE
	EndGlobalSection
	GlobalSection(ExtensibilityGlobals) = postSolution
		SolutionGuid = {3D0B358D-7111-401A-B468-01DC3DF4B8FF}
	EndGlobalSection
EndGlobal
